
Microsoft Visual Studio Solution File, Format Version 12.00
# Visual Studio Version 16
VisualStudioVersion = 16.0.28803.452
MinimumVisualStudioVersion = 10.0.40219.1
Project("{FAE04EC0-301F-11D3-BF4B-00C04F79EFBC}") = "AkkaTest", "AkkaTest\AkkaTest.csproj", "{3BAB5B8E-930B-42F8-B317-444CC6C45C1A}"
EndProject
Project("{FAE04EC0-301F-11D3-BF4B-00C04F79EFBC}") = "AkkaTest.Tests", "AkkaTest.Tests\AkkaTest.Tests.csproj", "{5E4EE873-87ED-4AF4-B10B-B2DF981F3777}"
EndProject
Global
	GlobalSection(SolutionConfigurationPlatforms) = preSolution
		Debug|Any CPU = Debug|Any CPU
		Release|Any CPU = Release|Any CPU
	EndGlobalSection
	GlobalSection(ProjectConfigurationPlatforms) = postSolution
		{3BAB5B8E-930B-42F8-B317-444CC6C45C1A}.Debug|Any CPU.ActiveCfg = Debug|Any CPU
		{3BAB5B8E-930B-42F8-B317-444CC6C45C1A}.Debug|Any CPU.Build.0 = Debug|Any CPU
		{3BAB5B8E-930B-42F8-B317-444CC6C45C1A}.Release|Any CPU.ActiveCfg = Release|Any CPU
		{3BAB5B8E-930B-42F8-B317-444CC6C45C1A}.Release|Any CPU.Build.0 = Release|Any CPU
		{5E4EE873-87ED-4AF4-B10B-B2DF981F3777}.Debug|Any CPU.ActiveCfg = Debug|Any CPU
		{5E4EE873-87ED-4AF4-B10B-B2DF981F3777}.Debug|Any CPU.Build.0 = Debug|Any CPU
		{5E4EE873-87ED-4AF4-B10B-B2DF981F3777}.Release|Any CPU.ActiveCfg = Release|Any CPU
		{5E4EE873-87ED-4AF4-B10B-B2DF981F3777}.Release|Any CPU.Build.0 = Release|Any CPU
	EndGlobalSection
	GlobalSection(SolutionProperties) = preSolution
		HideSolutionNode = FALSE
	EndGlobalSection
	GlobalSection(ExtensibilityGlobals) = postSolution
		SolutionGuid = {A44FC032-E8A2-487D-8046-E232C52E4A4E}
	EndGlobalSection
EndGlobal
